// !$*UTF8*$!
{
	archiveVersion = 1;
	classes = {
	};
	objectVersion = 56;
	objects = {

/* Begin PBXBuildFile section */
		562F1A2D2B2F28F0003D3DF6 /* TabBarViewController.swift in Sources */ = {isa = PBXBuildFile; fileRef = 562F1A2C2B2F28F0003D3DF6 /* TabBarViewController.swift */; };
		568E9AEB2B1B6D1C000D0014 /* SecondPersonsListTableViewController.swift in Sources */ = {isa = PBXBuildFile; fileRef = 568E9AEA2B1B6D1C000D0014 /* SecondPersonsListTableViewController.swift */; };
		568E9AF12B1CD20D000D0014 /* ProfileViewController.swift in Sources */ = {isa = PBXBuildFile; fileRef = 568E9AF02B1CD20D000D0014 /* ProfileViewController.swift */; };
		56CB70ED2B1B662400C5820F /* AppDelegate.swift in Sources */ = {isa = PBXBuildFile; fileRef = 56CB70EC2B1B662400C5820F /* AppDelegate.swift */; };
		56CB70EF2B1B662400C5820F /* SceneDelegate.swift in Sources */ = {isa = PBXBuildFile; fileRef = 56CB70EE2B1B662400C5820F /* SceneDelegate.swift */; };
		56CB70F42B1B662400C5820F /* Main.storyboard in Resources */ = {isa = PBXBuildFile; fileRef = 56CB70F22B1B662400C5820F /* Main.storyboard */; };
		56CB70F62B1B662600C5820F /* Assets.xcassets in Resources */ = {isa = PBXBuildFile; fileRef = 56CB70F52B1B662600C5820F /* Assets.xcassets */; };
		56CB70F92B1B662600C5820F /* LaunchScreen.storyboard in Resources */ = {isa = PBXBuildFile; fileRef = 56CB70F72B1B662600C5820F /* LaunchScreen.storyboard */; };
		56CB71012B1B668900C5820F /* PersonsListTableViewController.swift in Sources */ = {isa = PBXBuildFile; fileRef = 56CB71002B1B668900C5820F /* PersonsListTableViewController.swift */; };
		56CB71032B1B66E700C5820F /* Person.swift in Sources */ = {isa = PBXBuildFile; fileRef = 56CB71022B1B66E700C5820F /* Person.swift */; };
		56CB71052B1B670700C5820F /* StorageManager.swift in Sources */ = {isa = PBXBuildFile; fileRef = 56CB71042B1B670700C5820F /* StorageManager.swift */; };
/* End PBXBuildFile section */

/* Begin PBXFileReference section */
		562F1A2C2B2F28F0003D3DF6 /* TabBarViewController.swift */ = {isa = PBXFileReference; lastKnownFileType = sourcecode.swift; path = TabBarViewController.swift; sourceTree = "<group>"; };
		568E9AEA2B1B6D1C000D0014 /* SecondPersonsListTableViewController.swift */ = {isa = PBXFileReference; lastKnownFileType = sourcecode.swift; path = SecondPersonsListTableViewController.swift; sourceTree = "<group>"; };
		568E9AF02B1CD20D000D0014 /* ProfileViewController.swift */ = {isa = PBXFileReference; lastKnownFileType = sourcecode.swift; path = ProfileViewController.swift; sourceTree = "<group>"; };
		56CB70E92B1B662400C5820F /* PersonTable.app */ = {isa = PBXFileReference; explicitFileType = wrapper.application; includeInIndex = 0; path = PersonTable.app; sourceTree = BUILT_PRODUCTS_DIR; };
		56CB70EC2B1B662400C5820F /* AppDelegate.swift */ = {isa = PBXFileReference; lastKnownFileType = sourcecode.swift; path = AppDelegate.swift; sourceTree = "<group>"; };
		56CB70EE2B1B662400C5820F /* SceneDelegate.swift */ = {isa = PBXFileReference; lastKnownFileType = sourcecode.swift; path = SceneDelegate.swift; sourceTree = "<group>"; };
		56CB70F32B1B662400C5820F /* Base */ = {isa = PBXFileReference; lastKnownFileType = file.storyboard; name = Base; path = Base.lproj/Main.storyboard; sourceTree = "<group>"; };
		56CB70F52B1B662600C5820F /* Assets.xcassets */ = {isa = PBXFileReference; lastKnownFileType = folder.assetcatalog; path = Assets.xcassets; sourceTree = "<group>"; };
		56CB70F82B1B662600C5820F /* Base */ = {isa = PBXFileReference; lastKnownFileType = file.storyboard; name = Base; path = Base.lproj/LaunchScreen.storyboard; sourceTree = "<group>"; };
		56CB70FA2B1B662600C5820F /* Info.plist */ = {isa = PBXFileReference; lastKnownFileType = text.plist.xml; path = Info.plist; sourceTree = "<group>"; };
		56CB71002B1B668900C5820F /* PersonsListTableViewController.swift */ = {isa = PBXFileReference; lastKnownFileType = sourcecode.swift; path = PersonsListTableViewController.swift; sourceTree = "<group>"; };
		56CB71022B1B66E700C5820F /* Person.swift */ = {isa = PBXFileReference; lastKnownFileType = sourcecode.swift; path = Person.swift; sourceTree = "<group>"; };
		56CB71042B1B670700C5820F /* StorageManager.swift */ = {isa = PBXFileReference; lastKnownFileType = sourcecode.swift; path = StorageManager.swift; sourceTree = "<group>"; };
/* End PBXFileReference section */

/* Begin PBXFrameworksBuildPhase section */
		56CB70E62B1B662400C5820F /* Frameworks */ = {
			isa = PBXFrameworksBuildPhase;
			buildActionMask = 2147483647;
			files = (
			);
			runOnlyForDeploymentPostprocessing = 0;
		};
/* End PBXFrameworksBuildPhase section */

/* Begin PBXGroup section */
		568E9AEC2B1B6D3C000D0014 /* StoryBoards */ = {
			isa = PBXGroup;
			children = (
				56CB71002B1B668900C5820F /* PersonsListTableViewController.swift */,
				568E9AEA2B1B6D1C000D0014 /* SecondPersonsListTableViewController.swift */,
				568E9AF02B1CD20D000D0014 /* ProfileViewController.swift */,
				562F1A2C2B2F28F0003D3DF6 /* TabBarViewController.swift */,
			);
			path = StoryBoards;
			sourceTree = "<group>";
		};
		568E9AED2B1B6D60000D0014 /* Models */ = {
			isa = PBXGroup;
			children = (
				56CB71022B1B66E700C5820F /* Person.swift */,
				56CB71042B1B670700C5820F /* StorageManager.swift */,
			);
			path = Models;
			sourceTree = "<group>";
		};
		568E9AEE2B1B6D85000D0014 /* ViewControllers */ = {
			isa = PBXGroup;
			children = (
				56CB70F22B1B662400C5820F /* Main.storyboard */,
				56CB70F72B1B662600C5820F /* LaunchScreen.storyboard */,
			);
			path = ViewControllers;
			sourceTree = "<group>";
		};
		568E9AEF2B1B6D9F000D0014 /* SupportingFiles */ = {
			isa = PBXGroup;
			children = (
				56CB70EC2B1B662400C5820F /* AppDelegate.swift */,
				56CB70EE2B1B662400C5820F /* SceneDelegate.swift */,
			);
			path = SupportingFiles;
			sourceTree = "<group>";
		};
		56CB70E02B1B662400C5820F = {
			isa = PBXGroup;
			children = (
				56CB70EB2B1B662400C5820F /* PersonTable */,
				56CB70EA2B1B662400C5820F /* Products */,
			);
			sourceTree = "<group>";
		};
		56CB70EA2B1B662400C5820F /* Products */ = {
			isa = PBXGroup;
			children = (
				56CB70E92B1B662400C5820F /* PersonTable.app */,
			);
			name = Products;
			sourceTree = "<group>";
		};
		56CB70EB2B1B662400C5820F /* PersonTable */ = {
			isa = PBXGroup;
			children = (
				568E9AEE2B1B6D85000D0014 /* ViewControllers */,
				568E9AED2B1B6D60000D0014 /* Models */,
				568E9AEC2B1B6D3C000D0014 /* StoryBoards */,
				568E9AEF2B1B6D9F000D0014 /* SupportingFiles */,
				56CB70F52B1B662600C5820F /* Assets.xcassets */,
				56CB70FA2B1B662600C5820F /* Info.plist */,
			);
			path = PersonTable;
			sourceTree = "<group>";
		};
/* End PBXGroup section */

/* Begin PBXNativeTarget section */
		56CB70E82B1B662400C5820F /* PersonTable */ = {
			isa = PBXNativeTarget;
			buildConfigurationList = 56CB70FD2B1B662600C5820F /* Build configuration list for PBXNativeTarget "PersonTable" */;
			buildPhases = (
				56CB70E52B1B662400C5820F /* Sources */,
				56CB70E62B1B662400C5820F /* Frameworks */,
				56CB70E72B1B662400C5820F /* Resources */,
			);
			buildRules = (
			);
			dependencies = (
			);
			name = PersonTable;
			productName = PersonTable;
			productReference = 56CB70E92B1B662400C5820F /* PersonTable.app */;
			productType = "com.apple.product-type.application";
		};
/* End PBXNativeTarget section */

/* Begin PBXProject section */
		56CB70E12B1B662400C5820F /* Project object */ = {
			isa = PBXProject;
			attributes = {
				BuildIndependentTargetsInParallel = 1;
				LastSwiftUpdateCheck = 1500;
				LastUpgradeCheck = 1500;
				TargetAttributes = {
					56CB70E82B1B662400C5820F = {
						CreatedOnToolsVersion = 15.0;
					};
				};
			};
			buildConfigurationList = 56CB70E42B1B662400C5820F /* Build configuration list for PBXProject "PersonTable" */;
			compatibilityVersion = "Xcode 14.0";
			developmentRegion = en;
			hasScannedForEncodings = 0;
			knownRegions = (
				en,
				Base,
			);
			mainGroup = 56CB70E02B1B662400C5820F;
			productRefGroup = 56CB70EA2B1B662400C5820F /* Products */;
			projectDirPath = "";
			projectRoot = "";
			targets = (
				56CB70E82B1B662400C5820F /* PersonTable */,
			);
		};
/* End PBXProject section */

/* Begin PBXResourcesBuildPhase section */
		56CB70E72B1B662400C5820F /* Resources */ = {
			isa = PBXResourcesBuildPhase;
			buildActionMask = 2147483647;
			files = (
				56CB70F92B1B662600C5820F /* LaunchScreen.storyboard in Resources */,
				56CB70F62B1B662600C5820F /* Assets.xcassets in Resources */,
				56CB70F42B1B662400C5820F /* Main.storyboard in Resources */,
			);
			runOnlyForDeploymentPostprocessing = 0;
		};
/* End PBXResourcesBuildPhase section */

/* Begin PBXSourcesBuildPhase section */
		56CB70E52B1B662400C5820F /* Sources */ = {
			isa = PBXSourcesBuildPhase;
			buildActionMask = 2147483647;
			files = (
				562F1A2D2B2F28F0003D3DF6 /* TabBarViewController.swift in Sources */,
				56CB70ED2B1B662400C5820F /* AppDelegate.swift in Sources */,
				56CB70EF2B1B662400C5820F /* SceneDelegate.swift in Sources */,
				56CB71052B1B670700C5820F /* StorageManager.swift in Sources */,
				56CB71032B1B66E700C5820F /* Person.swift in Sources */,
				568E9AF12B1CD20D000D0014 /* ProfileViewController.swift in Sources */,
				568E9AEB2B1B6D1C000D0014 /* SecondPersonsListTableViewController.swift in Sources */,
				56CB71012B1B668900C5820F /* PersonsListTableViewController.swift in Sources */,
			);
			runOnlyForDeploymentPostprocessing = 0;
		};
/* End PBXSourcesBuildPhase section */

/* Begin PBXVariantGroup section */
		56CB70F22B1B662400C5820F /* Main.storyboard */ = {
			isa = PBXVariantGroup;
			children = (
				56CB70F32B1B662400C5820F /* Base */,
			);
			name = Main.storyboard;
			sourceTree = "<group>";
		};
		56CB70F72B1B662600C5820F /* LaunchScreen.storyboard */ = {
			isa = PBXVariantGroup;
			children = (
				56CB70F82B1B662600C5820F /* Base */,
			);
			name = LaunchScreen.storyboard;
			sourceTree = "<group>";
		};
/* End PBXVariantGroup section */

/* Begin XCBuildConfiguration section */
		56CB70FB2B1B662600C5820F /* Debug */ = {
			isa = XCBuildConfiguration;
			buildSettings = {
				ALWAYS_SEARCH_USER_PATHS = NO;
				ASSETCATALOG_COMPILER_GENERATE_SWIFT_ASSET_SYMBOL_EXTENSIONS = YES;
				CLANG_ANALYZER_NONNULL = YES;
				CLANG_ANALYZER_NUMBER_OBJECT_CONVERSION = YES_AGGRESSIVE;
				CLANG_CXX_LANGUAGE_STANDARD = "gnu++20";
				CLANG_ENABLE_MODULES = YES;
				CLANG_ENABLE_OBJC_ARC = YES;
				CLANG_ENABLE_OBJC_WEAK = YES;
				CLANG_WARN_BLOCK_CAPTURE_AUTORELEASING = YES;
				CLANG_WARN_BOOL_CONVERSION = YES;
				CLANG_WARN_COMMA = YES;
				CLANG_WARN_CONSTANT_CONVERSION = YES;
				CLANG_WARN_DEPRECATED_OBJC_IMPLEMENTATIONS = YES;
				CLANG_WARN_DIRECT_OBJC_ISA_USAGE = YES_ERROR;
				CLANG_WARN_DOCUMENTATION_COMMENTS = YES;
				CLANG_WARN_EMPTY_BODY = YES;
				CLANG_WARN_ENUM_CONVERSION = YES;
				CLANG_WARN_INFINITE_RECURSION = YES;
				CLANG_WARN_INT_CONVERSION = YES;
				CLANG_WARN_NON_LITERAL_NULL_CONVERSION = YES;
				CLANG_WARN_OBJC_IMPLICIT_RETAIN_SELF = YES;
				CLANG_WARN_OBJC_LITERAL_CONVERSION = YES;
				CLANG_WARN_OBJC_ROOT_CLASS = YES_ERROR;
				CLANG_WARN_QUOTED_INCLUDE_IN_FRAMEWORK_HEADER = YES;
				CLANG_WARN_RANGE_LOOP_ANALYSIS = YES;
				CLANG_WARN_STRICT_PROTOTYPES = YES;
				CLANG_WARN_SUSPICIOUS_MOVE = YES;
				CLANG_WARN_UNGUARDED_AVAILABILITY = YES_AGGRESSIVE;
				CLANG_WARN_UNREACHABLE_CODE = YES;
				CLANG_WARN__DUPLICATE_METHOD_MATCH = YES;
				COPY_PHASE_STRIP = NO;
				DEBUG_INFORMATION_FORMAT = dwarf;
				ENABLE_STRICT_OBJC_MSGSEND = YES;
				ENABLE_TESTABILITY = YES;
				ENABLE_USER_SCRIPT_SANDBOXING = YES;
				GCC_C_LANGUAGE_STANDARD = gnu17;
				GCC_DYNAMIC_NO_PIC = NO;
				GCC_NO_COMMON_BLOCKS = YES;
				GCC_OPTIMIZATION_LEVEL = 0;
				GCC_PREPROCESSOR_DEFINITIONS = (
					"DEBUG=1",
					"$(inherited)",
				);
				GCC_WARN_64_TO_32_BIT_CONVERSION = YES;
				GCC_WARN_ABOUT_RETURN_TYPE = YES_ERROR;
				GCC_WARN_UNDECLARED_SELECTOR = YES;
				GCC_WARN_UNINITIALIZED_AUTOS = YES_AGGRESSIVE;
				GCC_WARN_UNUSED_FUNCTION = YES;
				GCC_WARN_UNUSED_VARIABLE = YES;
				IPHONEOS_DEPLOYMENT_TARGET = 17.0;
				LOCALIZATION_PREFERS_STRING_CATALOGS = YES;
				MTL_ENABLE_DEBUG_INFO = INCLUDE_SOURCE;
				MTL_FAST_MATH = YES;
				ONLY_ACTIVE_ARCH = YES;
				SDKROOT = iphoneos;
				SWIFT_ACTIVE_COMPILATION_CONDITIONS = "DEBUG $(inherited)";
				SWIFT_OPTIMIZATION_LEVEL = "-Onone";
			};
			name = Debug;
		};
		56CB70FC2B1B662600C5820F /* Release */ = {
			isa = XCBuildConfiguration;
			buildSettings = {
				ALWAYS_SEARCH_USER_PATHS = NO;
				ASSETCATALOG_COMPILER_GENERATE_SWIFT_ASSET_SYMBOL_EXTENSIONS = YES;
				CLANG_ANALYZER_NONNULL = YES;
				CLANG_ANALYZER_NUMBER_OBJECT_CONVERSION = YES_AGGRESSIVE;
				CLANG_CXX_LANGUAGE_STANDARD = "gnu++20";
				CLANG_ENABLE_MODULES = YES;
				CLANG_ENABLE_OBJC_ARC = YES;
				CLANG_ENABLE_OBJC_WEAK = YES;
				CLANG_WARN_BLOCK_CAPTURE_AUTORELEASING = YES;
				CLANG_WARN_BOOL_CONVERSION = YES;
				CLANG_WARN_COMMA = YES;
				CLANG_WARN_CONSTANT_CONVERSION = YES;
				CLANG_WARN_DEPRECATED_OBJC_IMPLEMENTATIONS = YES;
				CLANG_WARN_DIRECT_OBJC_ISA_USAGE = YES_ERROR;
				CLANG_WARN_DOCUMENTATION_COMMENTS = YES;
				CLANG_WARN_EMPTY_BODY = YES;
				CLANG_WARN_ENUM_CONVERSION = YES;
				CLANG_WARN_INFINITE_RECURSION = YES;
				CLANG_WARN_INT_CONVERSION = YES;
				CLANG_WARN_NON_LITERAL_NULL_CONVERSION = YES;
				CLANG_WARN_OBJC_IMPLICIT_RETAIN_SELF = YES;
				CLANG_WARN_OBJC_LITERAL_CONVERSION = YES;
				CLANG_WARN_OBJC_ROOT_CLASS = YES_ERROR;
				CLANG_WARN_QUOTED_INCLUDE_IN_FRAMEWORK_HEADER = YES;
				CLANG_WARN_RANGE_LOOP_ANALYSIS = YES;
				CLANG_WARN_STRICT_PROTOTYPES = YES;
				CLANG_WARN_SUSPICIOUS_MOVE = YES;
				CLANG_WARN_UNGUARDED_AVAILABILITY = YES_AGGRESSIVE;
				CLANG_WARN_UNREACHABLE_CODE = YES;
				CLANG_WARN__DUPLICATE_METHOD_MATCH = YES;
				COPY_PHASE_STRIP = NO;
				DEBUG_INFORMATION_FORMAT = "dwarf-with-dsym";
				ENABLE_NS_ASSERTIONS = NO;
				ENABLE_STRICT_OBJC_MSGSEND = YES;
				ENABLE_USER_SCRIPT_SANDBOXING = YES;
				GCC_C_LANGUAGE_STANDARD = gnu17;
				GCC_NO_COMMON_BLOCKS = YES;
				GCC_WARN_64_TO_32_BIT_CONVERSION = YES;
				GCC_WARN_ABOUT_RETURN_TYPE = YES_ERROR;
				GCC_WARN_UNDECLARED_SELECTOR = YES;
				GCC_WARN_UNINITIALIZED_AUTOS = YES_AGGRESSIVE;
				GCC_WARN_UNUSED_FUNCTION = YES;
				GCC_WARN_UNUSED_VARIABLE = YES;
				IPHONEOS_DEPLOYMENT_TARGET = 17.0;
				LOCALIZATION_PREFERS_STRING_CATALOGS = YES;
				MTL_ENABLE_DEBUG_INFO = NO;
				MTL_FAST_MATH = YES;
				SDKROOT = iphoneos;
				SWIFT_COMPILATION_MODE = wholemodule;
				VALIDATE_PRODUCT = YES;
			};
			name = Release;
		};
		56CB70FE2B1B662600C5820F /* Debug */ = {
			isa = XCBuildConfiguration;
			buildSettings = {
				ASSETCATALOG_COMPILER_APPICON_NAME = AppIcon;
				ASSETCATALOG_COMPILER_GLOBAL_ACCENT_COLOR_NAME = AccentColor;
				CODE_SIGN_STYLE = Automatic;
				CURRENT_PROJECT_VERSION = 1;
				GENERATE_INFOPLIST_FILE = YES;
				INFOPLIST_FILE = PersonTable/Info.plist;
				INFOPLIST_KEY_UIApplicationSupportsIndirectInputEvents = YES;
				INFOPLIST_KEY_UILaunchStoryboardName = LaunchScreen;
				INFOPLIST_KEY_UIMainStoryboardFile = Main;
				INFOPLIST_KEY_UISupportedInterfaceOrientations_iPad = "UIInterfaceOrientationPortrait UIInterfaceOrientationPortraitUpsideDown UIInterfaceOrientationLandscapeLeft UIInterfaceOrientationLandscapeRight";
				INFOPLIST_KEY_UISupportedInterfaceOrientations_iPhone = "UIInterfaceOrientationPortrait UIInterfaceOrientationLandscapeLeft UIInterfaceOrientationLandscapeRight";
				LD_RUNPATH_SEARCH_PATHS = (
					"$(inherited)",
					"@executable_path/Frameworks",
				);
				MARKETING_VERSION = 1.0;
				PRODUCT_BUNDLE_IDENTIFIER = ukolovea.PersonTable;
				PRODUCT_NAME = "$(TARGET_NAME)";
				SWIFT_EMIT_LOC_STRINGS = YES;
				SWIFT_VERSION = 5.0;
				TARGETED_DEVICE_FAMILY = "1,2";
			};
			name = Debug;
		};
		56CB70FF2B1B662600C5820F /* Release */ = {
			isa = XCBuildConfiguration;
			buildSettings = {
				ASSETCATALOG_COMPILER_APPICON_NAME = AppIcon;
				ASSETCATALOG_COMPILER_GLOBAL_ACCENT_COLOR_NAME = AccentColor;
				CODE_SIGN_STYLE = Automatic;
				CURRENT_PROJECT_VERSION = 1;
				GENERATE_INFOPLIST_FILE = YES;
				INFOPLIST_FILE = PersonTable/Info.plist;
				INFOPLIST_KEY_UIApplicationSupportsIndirectInputEvents = YES;
				INFOPLIST_KEY_UILaunchStoryboardName = LaunchScreen;
				INFOPLIST_KEY_UIMainStoryboardFile = Main;
				INFOPLIST_KEY_UISupportedInterfaceOrientations_iPad = "UIInterfaceOrientationPortrait UIInterfaceOrientationPortraitUpsideDown UIInterfaceOrientationLandscapeLeft UIInterfaceOrientationLandscapeRight";
				INFOPLIST_KEY_UISupportedInterfaceOrientations_iPhone = "UIInterfaceOrientationPortrait UIInterfaceOrientationLandscapeLeft UIInterfaceOrientationLandscapeRight";
				LD_RUNPATH_SEARCH_PATHS = (
					"$(inherited)",
					"@executable_path/Frameworks",
				);
				MARKETING_VERSION = 1.0;
				PRODUCT_BUNDLE_IDENTIFIER = ukolovea.PersonTable;
				PRODUCT_NAME = "$(TARGET_NAME)";
				SWIFT_EMIT_LOC_STRINGS = YES;
				SWIFT_VERSION = 5.0;
				TARGETED_DEVICE_FAMILY = "1,2";
			};
			name = Release;
		};
/* End XCBuildConfiguration section */

/* Begin XCConfigurationList section */
		56CB70E42B1B662400C5820F /* Build configuration list for PBXProject "PersonTable" */ = {
			isa = XCConfigurationList;
			buildConfigurations = (
				56CB70FB2B1B662600C5820F /* Debug */,
				56CB70FC2B1B662600C5820F /* Release */,
			);
			defaultConfigurationIsVisible = 0;
			defaultConfigurationName = Release;
		};
		56CB70FD2B1B662600C5820F /* Build configuration list for PBXNativeTarget "PersonTable" */ = {
			isa = XCConfigurationList;
			buildConfigurations = (
				56CB70FE2B1B662600C5820F /* Debug */,
				56CB70FF2B1B662600C5820F /* Release */,
			);
			defaultConfigurationIsVisible = 0;
			defaultConfigurationName = Release;
		};
/* End XCConfigurationList section */
	};
	rootObject = 56CB70E12B1B662400C5820F /* Project object */;
}
